
Microsoft Visual Studio Solution File, Format Version 12.00
# Visual Studio 15
VisualStudioVersion = 15.0.28307.572
MinimumVisualStudioVersion = 10.0.40219.1
Project("{FAE04EC0-301F-11D3-BF4B-00C04F79EFBC}") = "mylist.Android", "mylist\mylist.Android\mylist.Android.csproj", "{1460A2C5-C09C-4513-ACAC-BF0D917DB72A}"
EndProject
Project("{FAE04EC0-301F-11D3-BF4B-00C04F79EFBC}") = "mylist", "mylist\mylist\mylist.csproj", "{E4F97814-8A01-415F-B791-72047CFDA62D}"
EndProject
Global
	GlobalSection(SolutionConfigurationPlatforms) = preSolution
		Debug|Any CPU = Debug|Any CPU
		Release|Any CPU = Release|Any CPU
	EndGlobalSection
	GlobalSection(ProjectConfigurationPlatforms) = postSolution
		{1460A2C5-C09C-4513-ACAC-BF0D917DB72A}.Debug|Any CPU.ActiveCfg = Debug|Any CPU
		{1460A2C5-C09C-4513-ACAC-BF0D917DB72A}.Debug|Any CPU.Build.0 = Debug|Any CPU
		{1460A2C5-C09C-4513-ACAC-BF0D917DB72A}.Debug|Any CPU.Deploy.0 = Debug|Any CPU
		{1460A2C5-C09C-4513-ACAC-BF0D917DB72A}.Release|Any CPU.ActiveCfg = Release|Any CPU
		{1460A2C5-C09C-4513-ACAC-BF0D917DB72A}.Release|Any CPU.Build.0 = Release|Any CPU
		{1460A2C5-C09C-4513-ACAC-BF0D917DB72A}.Release|Any CPU.Deploy.0 = Release|Any CPU
		{E4F97814-8A01-415F-B791-72047CFDA62D}.Debug|Any CPU.ActiveCfg = Debug|Any CPU
		{E4F97814-8A01-415F-B791-72047CFDA62D}.Debug|Any CPU.Build.0 = Debug|Any CPU
		{E4F97814-8A01-415F-B791-72047CFDA62D}.Debug|Any CPU.Deploy.0 = Debug|Any CPU
		{E4F97814-8A01-415F-B791-72047CFDA62D}.Release|Any CPU.ActiveCfg = Release|Any CPU
		{E4F97814-8A01-415F-B791-72047CFDA62D}.Release|Any CPU.Build.0 = Release|Any CPU
		{E4F97814-8A01-415F-B791-72047CFDA62D}.Release|Any CPU.Deploy.0 = Release|Any CPU
	EndGlobalSection
	GlobalSection(SolutionProperties) = preSolution
		HideSolutionNode = FALSE
	EndGlobalSection
	GlobalSection(ExtensibilityGlobals) = postSolution
		SolutionGuid = {F8FC1DB1-0128-4C7B-ACC8-9659A3D435DD}
	EndGlobalSection
EndGlobal
